// !$*UTF8*$!
{
	archiveVersion = 1;
	classes = {
	};
	objectVersion = 51;
	objects = {

/* Begin PBXBuildFile section */
		040CC26F2660FA47003750DD /* CustomButton.swift in Sources */ = {isa = PBXBuildFile; fileRef = 040CC26E2660FA47003750DD /* CustomButton.swift */; };
		042562E1267F9B6900DAFCB9 /* VKLoginController.swift in Sources */ = {isa = PBXBuildFile; fileRef = 042562E0267F9B6900DAFCB9 /* VKLoginController.swift */; };
		042562E3267FA38B00DAFCB9 /* Session (SingleTon).swift in Sources */ = {isa = PBXBuildFile; fileRef = 042562E2267FA38B00DAFCB9 /* Session (SingleTon).swift */; };
		042562E5267FA53B00DAFCB9 /* NetworkService.swift in Sources */ = {isa = PBXBuildFile; fileRef = 042562E4267FA53B00DAFCB9 /* NetworkService.swift */; };
		042562E7267FA70000DAFCB9 /* WebKit.framework in Frameworks */ = {isa = PBXBuildFile; fileRef = 042562E6267FA70000DAFCB9 /* WebKit.framework */; };
		042BDED626937BDD00E728DC /* RealmManager.swift in Sources */ = {isa = PBXBuildFile; fileRef = 042BDED526937BDD00E728DC /* RealmManager.swift */; };
		04311D5226761D1D007926D1 /* CustomNavigationController.swift in Sources */ = {isa = PBXBuildFile; fileRef = 04311D5126761D1D007926D1 /* CustomNavigationController.swift */; };
		044D957F265D486D00A61C4E /* AvatarImageView.swift in Sources */ = {isa = PBXBuildFile; fileRef = 044D957E265D486D00A61C4E /* AvatarImageView.swift */; };
		0457B050266CE1FD00267F79 /* CloudView.swift in Sources */ = {isa = PBXBuildFile; fileRef = 0457B04F266CE1FD00267F79 /* CloudView.swift */; };
		0457B052266D12EE00267F79 /* GalleryViewController.swift in Sources */ = {isa = PBXBuildFile; fileRef = 0457B051266D12EE00267F79 /* GalleryViewController.swift */; };
		0457B055266D15AA00267F79 /* GalleryHorisontalView.swift in Sources */ = {isa = PBXBuildFile; fileRef = 0457B054266D15AA00267F79 /* GalleryHorisontalView.swift */; };
		045B66C3266670F800931A92 /* NewsTableViewController.swift in Sources */ = {isa = PBXBuildFile; fileRef = 045B66C2266670F800931A92 /* NewsTableViewController.swift */; };
		045B66C52666715000931A92 /* NewsTableViewCell.swift in Sources */ = {isa = PBXBuildFile; fileRef = 045B66C42666715000931A92 /* NewsTableViewCell.swift */; };
		0490A603266569AD004D722D /* News.swift in Sources */ = {isa = PBXBuildFile; fileRef = 0490A602266569AD004D722D /* News.swift */; };
		04913C772684A99700F53A36 /* Photos.swift in Sources */ = {isa = PBXBuildFile; fileRef = 04913C762684A99700F53A36 /* Photos.swift */; };
		04913C7B2684BCCE00F53A36 /* GalleryHorizontView.xib in Resources */ = {isa = PBXBuildFile; fileRef = 04913C7A2684BCCE00F53A36 /* GalleryHorizontView.xib */; };
		04913C7D2684E5F100F53A36 /* Data+PrettyJSON.swift in Sources */ = {isa = PBXBuildFile; fileRef = 04913C7C2684E5F100F53A36 /* Data+PrettyJSON.swift */; };
		04B7E313269F3241001290E0 /* FirebaseUserModel.swift in Sources */ = {isa = PBXBuildFile; fileRef = 04B7E312269F3241001290E0 /* FirebaseUserModel.swift */; };
		04B7E315269F3250001290E0 /* FirebaseGroupModelAdd.swift in Sources */ = {isa = PBXBuildFile; fileRef = 04B7E314269F3250001290E0 /* FirebaseGroupModelAdd.swift */; };
		04D0AC4C268F4B2C00D83E32 /* UserModel.swift in Sources */ = {isa = PBXBuildFile; fileRef = 04D0AC4B268F4B2C00D83E32 /* UserModel.swift */; };
		04D0AC4E268F4BF000D83E32 /* GroupModel.swift in Sources */ = {isa = PBXBuildFile; fileRef = 04D0AC4D268F4BF000D83E32 /* GroupModel.swift */; };
		04D0AC50268F4C0100D83E32 /* PhotoModel.swift in Sources */ = {isa = PBXBuildFile; fileRef = 04D0AC4F268F4C0100D83E32 /* PhotoModel.swift */; };
		04D7091E26596BE7001A1C8B /* User.swift in Sources */ = {isa = PBXBuildFile; fileRef = 04D7091D26596BE7001A1C8B /* User.swift */; };
		04D7092026596C74001A1C8B /* Groups.swift in Sources */ = {isa = PBXBuildFile; fileRef = 04D7091F26596C74001A1C8B /* Groups.swift */; };
		04D7092226596D5E001A1C8B /* FriendsTableViewCell.swift in Sources */ = {isa = PBXBuildFile; fileRef = 04D7092126596D5E001A1C8B /* FriendsTableViewCell.swift */; };
		04D7092526596DB1001A1C8B /* FriendsTableViewController.swift in Sources */ = {isa = PBXBuildFile; fileRef = 04D7092426596DB1001A1C8B /* FriendsTableViewController.swift */; };
		04D7092726596FD2001A1C8B /* GroupsTableViewController.swift in Sources */ = {isa = PBXBuildFile; fileRef = 04D7092626596FD2001A1C8B /* GroupsTableViewController.swift */; };
		04D7092A26597020001A1C8B /* GroupsTableViewCell.swift in Sources */ = {isa = PBXBuildFile; fileRef = 04D7092926597020001A1C8B /* GroupsTableViewCell.swift */; };
		04D7093326598C79001A1C8B /* ExtraGroupsTableViewController.swift in Sources */ = {isa = PBXBuildFile; fileRef = 04D7093226598C79001A1C8B /* ExtraGroupsTableViewController.swift */; };
		04D7093526599922001A1C8B /* FriendsCollectionViewController.swift in Sources */ = {isa = PBXBuildFile; fileRef = 04D7093426599922001A1C8B /* FriendsCollectionViewController.swift */; };
		04D709382659997F001A1C8B /* FriendsCollectionViewCell.swift in Sources */ = {isa = PBXBuildFile; fileRef = 04D709372659997F001A1C8B /* FriendsCollectionViewCell.swift */; };
		04F294642670E456003921D9 /* AnimatorOpen.swift in Sources */ = {isa = PBXBuildFile; fileRef = 04F294632670E456003921D9 /* AnimatorOpen.swift */; };
		04F294662670F793003921D9 /* AnimatorClose.swift in Sources */ = {isa = PBXBuildFile; fileRef = 04F294652670F793003921D9 /* AnimatorClose.swift */; };
		04F294682670F875003921D9 /* FriendsTableVC + NavigationDelegate.swift in Sources */ = {isa = PBXBuildFile; fileRef = 04F294672670F875003921D9 /* FriendsTableVC + NavigationDelegate.swift */; };
		04F29B76269F312200E3AE58 /* GoogleService-Info.plist in Resources */ = {isa = PBXBuildFile; fileRef = 04F29B75269F312200E3AE58 /* GoogleService-Info.plist */; };
		04F60D0B264E999B0071B0E4 /* AppDelegate.swift in Sources */ = {isa = PBXBuildFile; fileRef = 04F60D0A264E999B0071B0E4 /* AppDelegate.swift */; };
		04F60D0D264E999B0071B0E4 /* SceneDelegate.swift in Sources */ = {isa = PBXBuildFile; fileRef = 04F60D0C264E999B0071B0E4 /* SceneDelegate.swift */; };
		04F60D0F264E999B0071B0E4 /* ViewController.swift in Sources */ = {isa = PBXBuildFile; fileRef = 04F60D0E264E999B0071B0E4 /* ViewController.swift */; };
		04F60D12264E999B0071B0E4 /* Main.storyboard in Resources */ = {isa = PBXBuildFile; fileRef = 04F60D10264E999B0071B0E4 /* Main.storyboard */; };
		04F60D14264E999C0071B0E4 /* Assets.xcassets in Resources */ = {isa = PBXBuildFile; fileRef = 04F60D13264E999C0071B0E4 /* Assets.xcassets */; };
		04F60D17264E999C0071B0E4 /* LaunchScreen.storyboard in Resources */ = {isa = PBXBuildFile; fileRef = 04F60D15264E999C0071B0E4 /* LaunchScreen.storyboard */; };
		E40C1FC5730010B12B07603D /* Pods_VKApp1.framework in Frameworks */ = {isa = PBXBuildFile; fileRef = DC8395C3D6E4485E4778A115 /* Pods_VKApp1.framework */; };
/* End PBXBuildFile section */

/* Begin PBXFileReference section */
		040CC26E2660FA47003750DD /* CustomButton.swift */ = {isa = PBXFileReference; lastKnownFileType = sourcecode.swift; path = CustomButton.swift; sourceTree = "<group>"; };
		042562E0267F9B6900DAFCB9 /* VKLoginController.swift */ = {isa = PBXFileReference; lastKnownFileType = sourcecode.swift; path = VKLoginController.swift; sourceTree = "<group>"; };
		042562E2267FA38B00DAFCB9 /* Session (SingleTon).swift */ = {isa = PBXFileReference; lastKnownFileType = sourcecode.swift; path = "Session (SingleTon).swift"; sourceTree = "<group>"; };
		042562E4267FA53B00DAFCB9 /* NetworkService.swift */ = {isa = PBXFileReference; lastKnownFileType = sourcecode.swift; path = NetworkService.swift; sourceTree = "<group>"; };
		042562E6267FA70000DAFCB9 /* WebKit.framework */ = {isa = PBXFileReference; lastKnownFileType = wrapper.framework; name = WebKit.framework; path = System/Library/Frameworks/WebKit.framework; sourceTree = SDKROOT; };
		042BDED526937BDD00E728DC /* RealmManager.swift */ = {isa = PBXFileReference; lastKnownFileType = sourcecode.swift; path = RealmManager.swift; sourceTree = "<group>"; };
		04311D5126761D1D007926D1 /* CustomNavigationController.swift */ = {isa = PBXFileReference; lastKnownFileType = sourcecode.swift; path = CustomNavigationController.swift; sourceTree = "<group>"; };
		044D957E265D486D00A61C4E /* AvatarImageView.swift */ = {isa = PBXFileReference; lastKnownFileType = sourcecode.swift; path = AvatarImageView.swift; sourceTree = "<group>"; };
		0457B04F266CE1FD00267F79 /* CloudView.swift */ = {isa = PBXFileReference; lastKnownFileType = sourcecode.swift; path = CloudView.swift; sourceTree = "<group>"; };
		0457B051266D12EE00267F79 /* GalleryViewController.swift */ = {isa = PBXFileReference; lastKnownFileType = sourcecode.swift; path = GalleryViewController.swift; sourceTree = "<group>"; };
		0457B054266D15AA00267F79 /* GalleryHorisontalView.swift */ = {isa = PBXFileReference; lastKnownFileType = sourcecode.swift; path = GalleryHorisontalView.swift; sourceTree = "<group>"; };
		045B66C2266670F800931A92 /* NewsTableViewController.swift */ = {isa = PBXFileReference; lastKnownFileType = sourcecode.swift; path = NewsTableViewController.swift; sourceTree = "<group>"; };
		045B66C42666715000931A92 /* NewsTableViewCell.swift */ = {isa = PBXFileReference; lastKnownFileType = sourcecode.swift; path = NewsTableViewCell.swift; sourceTree = "<group>"; };
		0490A602266569AD004D722D /* News.swift */ = {isa = PBXFileReference; lastKnownFileType = sourcecode.swift; path = News.swift; sourceTree = "<group>"; };
		04913C762684A99700F53A36 /* Photos.swift */ = {isa = PBXFileReference; lastKnownFileType = sourcecode.swift; path = Photos.swift; sourceTree = "<group>"; };
		04913C7A2684BCCE00F53A36 /* GalleryHorizontView.xib */ = {isa = PBXFileReference; fileEncoding = 4; lastKnownFileType = file.xib; path = GalleryHorizontView.xib; sourceTree = "<group>"; };
		04913C7C2684E5F100F53A36 /* Data+PrettyJSON.swift */ = {isa = PBXFileReference; lastKnownFileType = sourcecode.swift; path = "Data+PrettyJSON.swift"; sourceTree = "<group>"; };
		04B7E312269F3241001290E0 /* FirebaseUserModel.swift */ = {isa = PBXFileReference; lastKnownFileType = sourcecode.swift; path = FirebaseUserModel.swift; sourceTree = "<group>"; };
		04B7E314269F3250001290E0 /* FirebaseGroupModelAdd.swift */ = {isa = PBXFileReference; lastKnownFileType = sourcecode.swift; path = FirebaseGroupModelAdd.swift; sourceTree = "<group>"; };
		04D0AC4B268F4B2C00D83E32 /* UserModel.swift */ = {isa = PBXFileReference; lastKnownFileType = sourcecode.swift; path = UserModel.swift; sourceTree = "<group>"; };
		04D0AC4D268F4BF000D83E32 /* GroupModel.swift */ = {isa = PBXFileReference; lastKnownFileType = sourcecode.swift; path = GroupModel.swift; sourceTree = "<group>"; };
		04D0AC4F268F4C0100D83E32 /* PhotoModel.swift */ = {isa = PBXFileReference; lastKnownFileType = sourcecode.swift; path = PhotoModel.swift; sourceTree = "<group>"; };
		04D7091D26596BE7001A1C8B /* User.swift */ = {isa = PBXFileReference; lastKnownFileType = sourcecode.swift; path = User.swift; sourceTree = "<group>"; };
		04D7091F26596C74001A1C8B /* Groups.swift */ = {isa = PBXFileReference; lastKnownFileType = sourcecode.swift; path = Groups.swift; sourceTree = "<group>"; };
		04D7092126596D5E001A1C8B /* FriendsTableViewCell.swift */ = {isa = PBXFileReference; lastKnownFileType = sourcecode.swift; path = FriendsTableViewCell.swift; sourceTree = "<group>"; };
		04D7092426596DB1001A1C8B /* FriendsTableViewController.swift */ = {isa = PBXFileReference; lastKnownFileType = sourcecode.swift; path = FriendsTableViewController.swift; sourceTree = "<group>"; };
		04D7092626596FD2001A1C8B /* GroupsTableViewController.swift */ = {isa = PBXFileReference; lastKnownFileType = sourcecode.swift; path = GroupsTableViewController.swift; sourceTree = "<group>"; };
		04D7092926597020001A1C8B /* GroupsTableViewCell.swift */ = {isa = PBXFileReference; lastKnownFileType = sourcecode.swift; path = GroupsTableViewCell.swift; sourceTree = "<group>"; };
		04D7093226598C79001A1C8B /* ExtraGroupsTableViewController.swift */ = {isa = PBXFileReference; lastKnownFileType = sourcecode.swift; path = ExtraGroupsTableViewController.swift; sourceTree = "<group>"; };
		04D7093426599922001A1C8B /* FriendsCollectionViewController.swift */ = {isa = PBXFileReference; lastKnownFileType = sourcecode.swift; path = FriendsCollectionViewController.swift; sourceTree = "<group>"; };
		04D709372659997F001A1C8B /* FriendsCollectionViewCell.swift */ = {isa = PBXFileReference; lastKnownFileType = sourcecode.swift; path = FriendsCollectionViewCell.swift; sourceTree = "<group>"; };
		04F294632670E456003921D9 /* AnimatorOpen.swift */ = {isa = PBXFileReference; lastKnownFileType = sourcecode.swift; path = AnimatorOpen.swift; sourceTree = "<group>"; };
		04F294652670F793003921D9 /* AnimatorClose.swift */ = {isa = PBXFileReference; lastKnownFileType = sourcecode.swift; path = AnimatorClose.swift; sourceTree = "<group>"; };
		04F294672670F875003921D9 /* FriendsTableVC + NavigationDelegate.swift */ = {isa = PBXFileReference; lastKnownFileType = sourcecode.swift; path = "FriendsTableVC + NavigationDelegate.swift"; sourceTree = "<group>"; };
		04F29B75269F312200E3AE58 /* GoogleService-Info.plist */ = {isa = PBXFileReference; fileEncoding = 4; lastKnownFileType = text.plist.xml; name = "GoogleService-Info.plist"; path = "../../Архив/GoogleService-Info.plist"; sourceTree = "<group>"; };
		04F60D07264E999B0071B0E4 /* VKApp1.app */ = {isa = PBXFileReference; explicitFileType = wrapper.application; includeInIndex = 0; path = VKApp1.app; sourceTree = BUILT_PRODUCTS_DIR; };
		04F60D0A264E999B0071B0E4 /* AppDelegate.swift */ = {isa = PBXFileReference; lastKnownFileType = sourcecode.swift; path = AppDelegate.swift; sourceTree = "<group>"; };
		04F60D0C264E999B0071B0E4 /* SceneDelegate.swift */ = {isa = PBXFileReference; lastKnownFileType = sourcecode.swift; path = SceneDelegate.swift; sourceTree = "<group>"; };
		04F60D0E264E999B0071B0E4 /* ViewController.swift */ = {isa = PBXFileReference; lastKnownFileType = sourcecode.swift; path = ViewController.swift; sourceTree = "<group>"; };
		04F60D11264E999B0071B0E4 /* Base */ = {isa = PBXFileReference; lastKnownFileType = file.storyboard; name = Base; path = Base.lproj/Main.storyboard; sourceTree = "<group>"; };
		04F60D13264E999C0071B0E4 /* Assets.xcassets */ = {isa = PBXFileReference; lastKnownFileType = folder.assetcatalog; path = Assets.xcassets; sourceTree = "<group>"; };
		04F60D16264E999C0071B0E4 /* Base */ = {isa = PBXFileReference; lastKnownFileType = file.storyboard; name = Base; path = Base.lproj/LaunchScreen.storyboard; sourceTree = "<group>"; };
		04F60D18264E999C0071B0E4 /* Info.plist */ = {isa = PBXFileReference; lastKnownFileType = text.plist.xml; path = Info.plist; sourceTree = "<group>"; };
		89EE9A8076E5E125F2E05EEB /* Pods-VKApp1.debug.xcconfig */ = {isa = PBXFileReference; includeInIndex = 1; lastKnownFileType = text.xcconfig; name = "Pods-VKApp1.debug.xcconfig"; path = "Target Support Files/Pods-VKApp1/Pods-VKApp1.debug.xcconfig"; sourceTree = "<group>"; };
		BEF07EB523DDCF335B1FFE15 /* Pods-VKApp1.release.xcconfig */ = {isa = PBXFileReference; includeInIndex = 1; lastKnownFileType = text.xcconfig; name = "Pods-VKApp1.release.xcconfig"; path = "Target Support Files/Pods-VKApp1/Pods-VKApp1.release.xcconfig"; sourceTree = "<group>"; };
		DC8395C3D6E4485E4778A115 /* Pods_VKApp1.framework */ = {isa = PBXFileReference; explicitFileType = wrapper.framework; includeInIndex = 0; path = Pods_VKApp1.framework; sourceTree = BUILT_PRODUCTS_DIR; };
/* End PBXFileReference section */

/* Begin PBXFrameworksBuildPhase section */
		04F60D04264E999A0071B0E4 /* Frameworks */ = {
			isa = PBXFrameworksBuildPhase;
			buildActionMask = 2147483647;
			files = (
				042562E7267FA70000DAFCB9 /* WebKit.framework in Frameworks */,
				E40C1FC5730010B12B07603D /* Pods_VKApp1.framework in Frameworks */,
			);
			runOnlyForDeploymentPostprocessing = 0;
		};
/* End PBXFrameworksBuildPhase section */

/* Begin PBXGroup section */
		042562DF267F9B3B00DAFCB9 /* Network */ = {
			isa = PBXGroup;
			children = (
				042562E0267F9B6900DAFCB9 /* VKLoginController.swift */,
				042562E4267FA53B00DAFCB9 /* NetworkService.swift */,
				042BDED526937BDD00E728DC /* RealmManager.swift */,
				042562E2267FA38B00DAFCB9 /* Session (SingleTon).swift */,
				04913C7C2684E5F100F53A36 /* Data+PrettyJSON.swift */,
			);
			path = Network;
			sourceTree = "<group>";
		};
		04311D5326761D32007926D1 /* ViewController */ = {
			isa = PBXGroup;
			children = (
				04F60D0E264E999B0071B0E4 /* ViewController.swift */,
				0457B04F266CE1FD00267F79 /* CloudView.swift */,
				040CC26E2660FA47003750DD /* CustomButton.swift */,
			);
			path = ViewController;
			sourceTree = "<group>";
		};
		0457B053266D12F300267F79 /* Gallery_Photos */ = {
			isa = PBXGroup;
			children = (
				0457B051266D12EE00267F79 /* GalleryViewController.swift */,
				0457B054266D15AA00267F79 /* GalleryHorisontalView.swift */,
				04913C7A2684BCCE00F53A36 /* GalleryHorizontView.xib */,
			);
			path = Gallery_Photos;
			sourceTree = "<group>";
		};
		045B66C1266670AC00931A92 /* News */ = {
			isa = PBXGroup;
			children = (
				045B66C2266670F800931A92 /* NewsTableViewController.swift */,
				045B66C42666715000931A92 /* NewsTableViewCell.swift */,
			);
			path = News;
			sourceTree = "<group>";
		};
		04D0AC48268F4B0100D83E32 /* DynamicJSON */ = {
			isa = PBXGroup;
			children = (
				04D0AC4B268F4B2C00D83E32 /* UserModel.swift */,
				04D0AC4D268F4BF000D83E32 /* GroupModel.swift */,
				04D0AC4F268F4C0100D83E32 /* PhotoModel.swift */,
			);
			path = DynamicJSON;
			sourceTree = "<group>";
		};
		04D646AE267A780C00FA8279 /* Resources */ = {
			isa = PBXGroup;
			children = (
				04F60D0A264E999B0071B0E4 /* AppDelegate.swift */,
				04F60D0C264E999B0071B0E4 /* SceneDelegate.swift */,
				04F294632670E456003921D9 /* AnimatorOpen.swift */,
				04F294652670F793003921D9 /* AnimatorClose.swift */,
				04311D5126761D1D007926D1 /* CustomNavigationController.swift */,
			);
			path = Resources;
			sourceTree = "<group>";
		};
		04D7091C26596BD5001A1C8B /* Models */ = {
			isa = PBXGroup;
			children = (
				04D7091D26596BE7001A1C8B /* User.swift */,
				04D7091F26596C74001A1C8B /* Groups.swift */,
				04913C762684A99700F53A36 /* Photos.swift */,
				0490A602266569AD004D722D /* News.swift */,
				04D0AC48268F4B0100D83E32 /* DynamicJSON */,
			);
			path = Models;
			sourceTree = "<group>";
		};
		04D7092326596D61001A1C8B /* Friends */ = {
			isa = PBXGroup;
			children = (
				04D7092426596DB1001A1C8B /* FriendsTableViewController.swift */,
				04D7092126596D5E001A1C8B /* FriendsTableViewCell.swift */,
				044D957E265D486D00A61C4E /* AvatarImageView.swift */,
				04F294672670F875003921D9 /* FriendsTableVC + NavigationDelegate.swift */,
				04D709362659992E001A1C8B /* Friends_Photos */,
				0457B053266D12F300267F79 /* Gallery_Photos */,
			);
			path = Friends;
			sourceTree = "<group>";
		};
		04D7092826596FED001A1C8B /* Groups */ = {
			isa = PBXGroup;
			children = (
				04D7092626596FD2001A1C8B /* GroupsTableViewController.swift */,
				04D7092926597020001A1C8B /* GroupsTableViewCell.swift */,
				04D7093226598C79001A1C8B /* ExtraGroupsTableViewController.swift */,
			);
			path = Groups;
			sourceTree = "<group>";
		};
		04D709362659992E001A1C8B /* Friends_Photos */ = {
			isa = PBXGroup;
			children = (
				04D7093426599922001A1C8B /* FriendsCollectionViewController.swift */,
				04D709372659997F001A1C8B /* FriendsCollectionViewCell.swift */,
			);
			path = Friends_Photos;
			sourceTree = "<group>";
		};
		04F29B77269F31EA00E3AE58 /* Firebase */ = {
			isa = PBXGroup;
			children = (
				04B7E312269F3241001290E0 /* FirebaseUserModel.swift */,
				04B7E314269F3250001290E0 /* FirebaseGroupModelAdd.swift */,
			);
			path = Firebase;
			sourceTree = "<group>";
		};
		04F60CFE264E999A0071B0E4 = {
			isa = PBXGroup;
			children = (
				04F60D09264E999B0071B0E4 /* VKApp1 */,
				04F60D08264E999B0071B0E4 /* Products */,
				4C007DFBCA4D305994975791 /* Frameworks */,
				6A826D8ED555EEBA9A35A538 /* Pods */,
			);
			sourceTree = "<group>";
		};
		04F60D08264E999B0071B0E4 /* Products */ = {
			isa = PBXGroup;
			children = (
				04F60D07264E999B0071B0E4 /* VKApp1.app */,
			);
			name = Products;
			sourceTree = "<group>";
		};
		04F60D09264E999B0071B0E4 /* VKApp1 */ = {
			isa = PBXGroup;
			children = (
				042562DF267F9B3B00DAFCB9 /* Network */,
				04D646AE267A780C00FA8279 /* Resources */,
				04D7091C26596BD5001A1C8B /* Models */,
				04F29B77269F31EA00E3AE58 /* Firebase */,
				04311D5326761D32007926D1 /* ViewController */,
				045B66C1266670AC00931A92 /* News */,
				04D7092326596D61001A1C8B /* Friends */,
				04D7092826596FED001A1C8B /* Groups */,
				04F60D10264E999B0071B0E4 /* Main.storyboard */,
				04F60D13264E999C0071B0E4 /* Assets.xcassets */,
				04F60D15264E999C0071B0E4 /* LaunchScreen.storyboard */,
				04F60D18264E999C0071B0E4 /* Info.plist */,
				04F29B75269F312200E3AE58 /* GoogleService-Info.plist */,
			);
			path = VKApp1;
			sourceTree = "<group>";
		};
		4C007DFBCA4D305994975791 /* Frameworks */ = {
			isa = PBXGroup;
			children = (
				042562E6267FA70000DAFCB9 /* WebKit.framework */,
				DC8395C3D6E4485E4778A115 /* Pods_VKApp1.framework */,
			);
			name = Frameworks;
			sourceTree = "<group>";
		};
		6A826D8ED555EEBA9A35A538 /* Pods */ = {
			isa = PBXGroup;
			children = (
				89EE9A8076E5E125F2E05EEB /* Pods-VKApp1.debug.xcconfig */,
				BEF07EB523DDCF335B1FFE15 /* Pods-VKApp1.release.xcconfig */,
			);
			path = Pods;
			sourceTree = "<group>";
		};
/* End PBXGroup section */

/* Begin PBXNativeTarget section */
		04F60D06264E999A0071B0E4 /* VKApp1 */ = {
			isa = PBXNativeTarget;
			buildConfigurationList = 04F60D1B264E999C0071B0E4 /* Build configuration list for PBXNativeTarget "VKApp1" */;
			buildPhases = (
				002542D316A503A849F76FA2 /* [CP] Check Pods Manifest.lock */,
				04F60D03264E999A0071B0E4 /* Sources */,
				04F60D04264E999A0071B0E4 /* Frameworks */,
				04F60D05264E999A0071B0E4 /* Resources */,
				7089BA218AEBCC7B0ECA41BA /* [CP] Embed Pods Frameworks */,
			);
			buildRules = (
			);
			dependencies = (
			);
			name = VKApp1;
			productName = VKApp1;
			productReference = 04F60D07264E999B0071B0E4 /* VKApp1.app */;
			productType = "com.apple.product-type.application";
		};
/* End PBXNativeTarget section */

/* Begin PBXProject section */
		04F60CFF264E999A0071B0E4 /* Project object */ = {
			isa = PBXProject;
			attributes = {
				LastSwiftUpdateCheck = 1250;
				LastUpgradeCheck = 1250;
				TargetAttributes = {
					04F60D06264E999A0071B0E4 = {
						CreatedOnToolsVersion = 12.5;
					};
				};
			};
			buildConfigurationList = 04F60D02264E999A0071B0E4 /* Build configuration list for PBXProject "VKApp2-7" */;
			compatibilityVersion = "Xcode 9.3";
			developmentRegion = en;
			hasScannedForEncodings = 0;
			knownRegions = (
				en,
				Base,
			);
			mainGroup = 04F60CFE264E999A0071B0E4;
			productRefGroup = 04F60D08264E999B0071B0E4 /* Products */;
			projectDirPath = "";
			projectRoot = "";
			targets = (
				04F60D06264E999A0071B0E4 /* VKApp1 */,
			);
		};
/* End PBXProject section */

/* Begin PBXResourcesBuildPhase section */
		04F60D05264E999A0071B0E4 /* Resources */ = {
			isa = PBXResourcesBuildPhase;
			buildActionMask = 2147483647;
			files = (
				04913C7B2684BCCE00F53A36 /* GalleryHorizontView.xib in Resources */,
				04F60D17264E999C0071B0E4 /* LaunchScreen.storyboard in Resources */,
				04F29B76269F312200E3AE58 /* GoogleService-Info.plist in Resources */,
				04F60D14264E999C0071B0E4 /* Assets.xcassets in Resources */,
				04F60D12264E999B0071B0E4 /* Main.storyboard in Resources */,
			);
			runOnlyForDeploymentPostprocessing = 0;
		};
/* End PBXResourcesBuildPhase section */

/* Begin PBXShellScriptBuildPhase section */
		002542D316A503A849F76FA2 /* [CP] Check Pods Manifest.lock */ = {
			isa = PBXShellScriptBuildPhase;
			buildActionMask = 2147483647;
			files = (
			);
			inputFileListPaths = (
			);
			inputPaths = (
				"${PODS_PODFILE_DIR_PATH}/Podfile.lock",
				"${PODS_ROOT}/Manifest.lock",
			);
			name = "[CP] Check Pods Manifest.lock";
			outputFileListPaths = (
			);
			outputPaths = (
				"$(DERIVED_FILE_DIR)/Pods-VKApp1-checkManifestLockResult.txt",
			);
			runOnlyForDeploymentPostprocessing = 0;
			shellPath = /bin/sh;
			shellScript = "diff \"${PODS_PODFILE_DIR_PATH}/Podfile.lock\" \"${PODS_ROOT}/Manifest.lock\" > /dev/null\nif [ $? != 0 ] ; then\n    # print error to STDERR\n    echo \"error: The sandbox is not in sync with the Podfile.lock. Run 'pod install' or update your CocoaPods installation.\" >&2\n    exit 1\nfi\n# This output is used by Xcode 'outputs' to avoid re-running this script phase.\necho \"SUCCESS\" > \"${SCRIPT_OUTPUT_FILE_0}\"\n";
			showEnvVarsInLog = 0;
		};
		7089BA218AEBCC7B0ECA41BA /* [CP] Embed Pods Frameworks */ = {
			isa = PBXShellScriptBuildPhase;
			buildActionMask = 2147483647;
			files = (
			);
			inputFileListPaths = (
				"${PODS_ROOT}/Target Support Files/Pods-VKApp1/Pods-VKApp1-frameworks-${CONFIGURATION}-input-files.xcfilelist",
			);
			name = "[CP] Embed Pods Frameworks";
			outputFileListPaths = (
				"${PODS_ROOT}/Target Support Files/Pods-VKApp1/Pods-VKApp1-frameworks-${CONFIGURATION}-output-files.xcfilelist",
			);
			runOnlyForDeploymentPostprocessing = 0;
			shellPath = /bin/sh;
			shellScript = "\"${PODS_ROOT}/Target Support Files/Pods-VKApp1/Pods-VKApp1-frameworks.sh\"\n";
			showEnvVarsInLog = 0;
		};
/* End PBXShellScriptBuildPhase section */

/* Begin PBXSourcesBuildPhase section */
		04F60D03264E999A0071B0E4 /* Sources */ = {
			isa = PBXSourcesBuildPhase;
			buildActionMask = 2147483647;
			files = (
				042562E3267FA38B00DAFCB9 /* Session (SingleTon).swift in Sources */,
				0457B055266D15AA00267F79 /* GalleryHorisontalView.swift in Sources */,
				04D7091E26596BE7001A1C8B /* User.swift in Sources */,
				04D7092726596FD2001A1C8B /* GroupsTableViewController.swift in Sources */,
				042562E1267F9B6900DAFCB9 /* VKLoginController.swift in Sources */,
				042BDED626937BDD00E728DC /* RealmManager.swift in Sources */,
				04D7093526599922001A1C8B /* FriendsCollectionViewController.swift in Sources */,
				0490A603266569AD004D722D /* News.swift in Sources */,
				04F294682670F875003921D9 /* FriendsTableVC + NavigationDelegate.swift in Sources */,
				04D7093326598C79001A1C8B /* ExtraGroupsTableViewController.swift in Sources */,
				04D0AC4E268F4BF000D83E32 /* GroupModel.swift in Sources */,
				0457B052266D12EE00267F79 /* GalleryViewController.swift in Sources */,
				04F294662670F793003921D9 /* AnimatorClose.swift in Sources */,
				040CC26F2660FA47003750DD /* CustomButton.swift in Sources */,
				04B7E315269F3250001290E0 /* FirebaseGroupModelAdd.swift in Sources */,
				04D709382659997F001A1C8B /* FriendsCollectionViewCell.swift in Sources */,
				04F60D0F264E999B0071B0E4 /* ViewController.swift in Sources */,
				04311D5226761D1D007926D1 /* CustomNavigationController.swift in Sources */,
				04F60D0B264E999B0071B0E4 /* AppDelegate.swift in Sources */,
				04913C772684A99700F53A36 /* Photos.swift in Sources */,
				04D7092A26597020001A1C8B /* GroupsTableViewCell.swift in Sources */,
				04F294642670E456003921D9 /* AnimatorOpen.swift in Sources */,
				04B7E313269F3241001290E0 /* FirebaseUserModel.swift in Sources */,
				04913C7D2684E5F100F53A36 /* Data+PrettyJSON.swift in Sources */,
				04D0AC4C268F4B2C00D83E32 /* UserModel.swift in Sources */,
				04D7092226596D5E001A1C8B /* FriendsTableViewCell.swift in Sources */,
				04D7092026596C74001A1C8B /* Groups.swift in Sources */,
				0457B050266CE1FD00267F79 /* CloudView.swift in Sources */,
				045B66C3266670F800931A92 /* NewsTableViewController.swift in Sources */,
				04D7092526596DB1001A1C8B /* FriendsTableViewController.swift in Sources */,
				045B66C52666715000931A92 /* NewsTableViewCell.swift in Sources */,
				042562E5267FA53B00DAFCB9 /* NetworkService.swift in Sources */,
				04D0AC50268F4C0100D83E32 /* PhotoModel.swift in Sources */,
				04F60D0D264E999B0071B0E4 /* SceneDelegate.swift in Sources */,
				044D957F265D486D00A61C4E /* AvatarImageView.swift in Sources */,
			);
			runOnlyForDeploymentPostprocessing = 0;
		};
/* End PBXSourcesBuildPhase section */

/* Begin PBXVariantGroup section */
		04F60D10264E999B0071B0E4 /* Main.storyboard */ = {
			isa = PBXVariantGroup;
			children = (
				04F60D11264E999B0071B0E4 /* Base */,
			);
			name = Main.storyboard;
			sourceTree = "<group>";
		};
		04F60D15264E999C0071B0E4 /* LaunchScreen.storyboard */ = {
			isa = PBXVariantGroup;
			children = (
				04F60D16264E999C0071B0E4 /* Base */,
			);
			name = LaunchScreen.storyboard;
			sourceTree = "<group>";
		};
/* End PBXVariantGroup section */

/* Begin XCBuildConfiguration section */
		04F60D19264E999C0071B0E4 /* Debug */ = {
			isa = XCBuildConfiguration;
			buildSettings = {
				ALWAYS_SEARCH_USER_PATHS = NO;
				CLANG_ANALYZER_NONNULL = YES;
				CLANG_ANALYZER_NUMBER_OBJECT_CONVERSION = YES_AGGRESSIVE;
				CLANG_CXX_LANGUAGE_STANDARD = "gnu++14";
				CLANG_CXX_LIBRARY = "libc++";
				CLANG_ENABLE_MODULES = YES;
				CLANG_ENABLE_OBJC_ARC = YES;
				CLANG_ENABLE_OBJC_WEAK = YES;
				CLANG_WARN_BLOCK_CAPTURE_AUTORELEASING = YES;
				CLANG_WARN_BOOL_CONVERSION = YES;
				CLANG_WARN_COMMA = YES;
				CLANG_WARN_CONSTANT_CONVERSION = YES;
				CLANG_WARN_DEPRECATED_OBJC_IMPLEMENTATIONS = YES;
				CLANG_WARN_DIRECT_OBJC_ISA_USAGE = YES_ERROR;
				CLANG_WARN_DOCUMENTATION_COMMENTS = YES;
				CLANG_WARN_EMPTY_BODY = YES;
				CLANG_WARN_ENUM_CONVERSION = YES;
				CLANG_WARN_INFINITE_RECURSION = YES;
				CLANG_WARN_INT_CONVERSION = YES;
				CLANG_WARN_NON_LITERAL_NULL_CONVERSION = YES;
				CLANG_WARN_OBJC_IMPLICIT_RETAIN_SELF = YES;
				CLANG_WARN_OBJC_LITERAL_CONVERSION = YES;
				CLANG_WARN_OBJC_ROOT_CLASS = YES_ERROR;
				CLANG_WARN_QUOTED_INCLUDE_IN_FRAMEWORK_HEADER = YES;
				CLANG_WARN_RANGE_LOOP_ANALYSIS = YES;
				CLANG_WARN_STRICT_PROTOTYPES = YES;
				CLANG_WARN_SUSPICIOUS_MOVE = YES;
				CLANG_WARN_UNGUARDED_AVAILABILITY = YES_AGGRESSIVE;
				CLANG_WARN_UNREACHABLE_CODE = YES;
				CLANG_WARN__DUPLICATE_METHOD_MATCH = YES;
				COPY_PHASE_STRIP = NO;
				DEBUG_INFORMATION_FORMAT = dwarf;
				ENABLE_STRICT_OBJC_MSGSEND = YES;
				ENABLE_TESTABILITY = YES;
				GCC_C_LANGUAGE_STANDARD = gnu11;
				GCC_DYNAMIC_NO_PIC = NO;
				GCC_NO_COMMON_BLOCKS = YES;
				GCC_OPTIMIZATION_LEVEL = 0;
				GCC_PREPROCESSOR_DEFINITIONS = (
					"DEBUG=1",
					"$(inherited)",
				);
				GCC_WARN_64_TO_32_BIT_CONVERSION = YES;
				GCC_WARN_ABOUT_RETURN_TYPE = YES_ERROR;
				GCC_WARN_UNDECLARED_SELECTOR = YES;
				GCC_WARN_UNINITIALIZED_AUTOS = YES_AGGRESSIVE;
				GCC_WARN_UNUSED_FUNCTION = YES;
				GCC_WARN_UNUSED_VARIABLE = YES;
				IPHONEOS_DEPLOYMENT_TARGET = 14.5;
				MTL_ENABLE_DEBUG_INFO = INCLUDE_SOURCE;
				MTL_FAST_MATH = YES;
				ONLY_ACTIVE_ARCH = YES;
				SDKROOT = iphoneos;
				SWIFT_ACTIVE_COMPILATION_CONDITIONS = DEBUG;
				SWIFT_OPTIMIZATION_LEVEL = "-Onone";
			};
			name = Debug;
		};
		04F60D1A264E999C0071B0E4 /* Release */ = {
			isa = XCBuildConfiguration;
			buildSettings = {
				ALWAYS_SEARCH_USER_PATHS = NO;
				CLANG_ANALYZER_NONNULL = YES;
				CLANG_ANALYZER_NUMBER_OBJECT_CONVERSION = YES_AGGRESSIVE;
				CLANG_CXX_LANGUAGE_STANDARD = "gnu++14";
				CLANG_CXX_LIBRARY = "libc++";
				CLANG_ENABLE_MODULES = YES;
				CLANG_ENABLE_OBJC_ARC = YES;
				CLANG_ENABLE_OBJC_WEAK = YES;
				CLANG_WARN_BLOCK_CAPTURE_AUTORELEASING = YES;
				CLANG_WARN_BOOL_CONVERSION = YES;
				CLANG_WARN_COMMA = YES;
				CLANG_WARN_CONSTANT_CONVERSION = YES;
				CLANG_WARN_DEPRECATED_OBJC_IMPLEMENTATIONS = YES;
				CLANG_WARN_DIRECT_OBJC_ISA_USAGE = YES_ERROR;
				CLANG_WARN_DOCUMENTATION_COMMENTS = YES;
				CLANG_WARN_EMPTY_BODY = YES;
				CLANG_WARN_ENUM_CONVERSION = YES;
				CLANG_WARN_INFINITE_RECURSION = YES;
				CLANG_WARN_INT_CONVERSION = YES;
				CLANG_WARN_NON_LITERAL_NULL_CONVERSION = YES;
				CLANG_WARN_OBJC_IMPLICIT_RETAIN_SELF = YES;
				CLANG_WARN_OBJC_LITERAL_CONVERSION = YES;
				CLANG_WARN_OBJC_ROOT_CLASS = YES_ERROR;
				CLANG_WARN_QUOTED_INCLUDE_IN_FRAMEWORK_HEADER = YES;
				CLANG_WARN_RANGE_LOOP_ANALYSIS = YES;
				CLANG_WARN_STRICT_PROTOTYPES = YES;
				CLANG_WARN_SUSPICIOUS_MOVE = YES;
				CLANG_WARN_UNGUARDED_AVAILABILITY = YES_AGGRESSIVE;
				CLANG_WARN_UNREACHABLE_CODE = YES;
				CLANG_WARN__DUPLICATE_METHOD_MATCH = YES;
				COPY_PHASE_STRIP = NO;
				DEBUG_INFORMATION_FORMAT = "dwarf-with-dsym";
				ENABLE_NS_ASSERTIONS = NO;
				ENABLE_STRICT_OBJC_MSGSEND = YES;
				GCC_C_LANGUAGE_STANDARD = gnu11;
				GCC_NO_COMMON_BLOCKS = YES;
				GCC_WARN_64_TO_32_BIT_CONVERSION = YES;
				GCC_WARN_ABOUT_RETURN_TYPE = YES_ERROR;
				GCC_WARN_UNDECLARED_SELECTOR = YES;
				GCC_WARN_UNINITIALIZED_AUTOS = YES_AGGRESSIVE;
				GCC_WARN_UNUSED_FUNCTION = YES;
				GCC_WARN_UNUSED_VARIABLE = YES;
				IPHONEOS_DEPLOYMENT_TARGET = 14.5;
				MTL_ENABLE_DEBUG_INFO = NO;
				MTL_FAST_MATH = YES;
				SDKROOT = iphoneos;
				SWIFT_COMPILATION_MODE = wholemodule;
				SWIFT_OPTIMIZATION_LEVEL = "-O";
				VALIDATE_PRODUCT = YES;
			};
			name = Release;
		};
		04F60D1C264E999C0071B0E4 /* Debug */ = {
			isa = XCBuildConfiguration;
			baseConfigurationReference = 89EE9A8076E5E125F2E05EEB /* Pods-VKApp1.debug.xcconfig */;
			buildSettings = {
				ASSETCATALOG_COMPILER_APPICON_NAME = AppIcon;
				ASSETCATALOG_COMPILER_GLOBAL_ACCENT_COLOR_NAME = AccentColor;
				CODE_SIGN_STYLE = Automatic;
				DEVELOPMENT_TEAM = RJ3AN4349Y;
				INFOPLIST_FILE = VKApp1/Info.plist;
				LD_RUNPATH_SEARCH_PATHS = (
					"$(inherited)",
					"@executable_path/Frameworks",
				);
				PRODUCT_BUNDLE_IDENTIFIER = "com.vk-client.demo";
				PRODUCT_NAME = "$(TARGET_NAME)";
				SWIFT_VERSION = 5.0;
				TARGETED_DEVICE_FAMILY = "1,2";
			};
			name = Debug;
		};
		04F60D1D264E999C0071B0E4 /* Release */ = {
			isa = XCBuildConfiguration;
			baseConfigurationReference = BEF07EB523DDCF335B1FFE15 /* Pods-VKApp1.release.xcconfig */;
			buildSettings = {
				ASSETCATALOG_COMPILER_APPICON_NAME = AppIcon;
				ASSETCATALOG_COMPILER_GLOBAL_ACCENT_COLOR_NAME = AccentColor;
				CODE_SIGN_STYLE = Automatic;
				DEVELOPMENT_TEAM = RJ3AN4349Y;
				INFOPLIST_FILE = VKApp1/Info.plist;
				LD_RUNPATH_SEARCH_PATHS = (
					"$(inherited)",
					"@executable_path/Frameworks",
				);
				PRODUCT_BUNDLE_IDENTIFIER = "com.vk-client.demo";
				PRODUCT_NAME = "$(TARGET_NAME)";
				SWIFT_VERSION = 5.0;
				TARGETED_DEVICE_FAMILY = "1,2";
			};
			name = Release;
		};
/* End XCBuildConfiguration section */

/* Begin XCConfigurationList section */
		04F60D02264E999A0071B0E4 /* Build configuration list for PBXProject "VKApp2-7" */ = {
			isa = XCConfigurationList;
			buildConfigurations = (
				04F60D19264E999C0071B0E4 /* Debug */,
				04F60D1A264E999C0071B0E4 /* Release */,
			);
			defaultConfigurationIsVisible = 0;
			defaultConfigurationName = Release;
		};
		04F60D1B264E999C0071B0E4 /* Build configuration list for PBXNativeTarget "VKApp1" */ = {
			isa = XCConfigurationList;
			buildConfigurations = (
				04F60D1C264E999C0071B0E4 /* Debug */,
				04F60D1D264E999C0071B0E4 /* Release */,
			);
			defaultConfigurationIsVisible = 0;
			defaultConfigurationName = Release;
		};
/* End XCConfigurationList section */
	};
	rootObject = 04F60CFF264E999A0071B0E4 /* Project object */;
}
